
Microsoft Visual Studio Solution File, Format Version 12.00
# Visual Studio Version 16
VisualStudioVersion = 16.0.29926.136
MinimumVisualStudioVersion = 10.0.40219.1
Project("{FAE04EC0-301F-11D3-BF4B-00C04F79EFBC}") = "ContosoSite", "ContosoSite\ContosoSite.csproj", "{DE63651D-C66E-4A9D-9431-26C7139931FE}"
EndProject
Global
	GlobalSection(SolutionConfigurationPlatforms) = preSolution
		Debug|Any CPU = Debug|Any CPU
		Release|Any CPU = Release|Any CPU
	EndGlobalSection
	GlobalSection(ProjectConfigurationPlatforms) = postSolution
		{DE63651D-C66E-4A9D-9431-26C7139931FE}.Debug|Any CPU.ActiveCfg = Debug|Any CPU
		{DE63651D-C66E-4A9D-9431-26C7139931FE}.Debug|Any CPU.Build.0 = Debug|Any CPU
		{DE63651D-C66E-4A9D-9431-26C7139931FE}.Release|Any CPU.ActiveCfg = Release|Any CPU
		{DE63651D-C66E-4A9D-9431-26C7139931FE}.Release|Any CPU.Build.0 = Release|Any CPU
	EndGlobalSection
	GlobalSection(SolutionProperties) = preSolution
		HideSolutionNode = FALSE
	EndGlobalSection
	GlobalSection(ExtensibilityGlobals) = postSolution
		SolutionGuid = {5C96DE1B-A0B7-4142-85AA-211E625EA787}
	EndGlobalSection
EndGlobal
